
Microsoft Visual Studio Solution File, Format Version 12.00
# Visual Studio Version 16
VisualStudioVersion = 16.0.31424.327
MinimumVisualStudioVersion = 10.0.40219.1
Project("{9A19103F-16F7-4668-BE54-9A1E7A4F7556}") = "html_parser", "html_parser\html_parser.csproj", "{BED03F13-35DC-4530-BADB-B3CB8A9CCBED}"
EndProject
Global
	GlobalSection(SolutionConfigurationPlatforms) = preSolution
		Debug|Any CPU = Debug|Any CPU
		Release|Any CPU = Release|Any CPU
	EndGlobalSection
	GlobalSection(ProjectConfigurationPlatforms) = postSolution
		{BED03F13-35DC-4530-BADB-B3CB8A9CCBED}.Debug|Any CPU.ActiveCfg = Debug|Any CPU
		{BED03F13-35DC-4530-BADB-B3CB8A9CCBED}.Debug|Any CPU.Build.0 = Debug|Any CPU
		{BED03F13-35DC-4530-BADB-B3CB8A9CCBED}.Release|Any CPU.ActiveCfg = Release|Any CPU
		{BED03F13-35DC-4530-BADB-B3CB8A9CCBED}.Release|Any CPU.Build.0 = Release|Any CPU
	EndGlobalSection
	GlobalSection(SolutionProperties) = preSolution
		HideSolutionNode = FALSE
	EndGlobalSection
	GlobalSection(ExtensibilityGlobals) = postSolution
		SolutionGuid = {E7CADC3F-A6D4-4489-9A23-6B9A29387D7B}
	EndGlobalSection
EndGlobal
